// !$*UTF8*$!
{
	archiveVersion = 1;
	classes = {
	};
	objectVersion = 50;
	objects = {

/* Begin PBXBuildFile section */
		95D3933A213F61E600BF06BF /* AppDelegate.swift in Sources */ = {isa = PBXBuildFile; fileRef = 95D39339213F61E600BF06BF /* AppDelegate.swift */; };
		95D3933C213F61E600BF06BF /* ViewController.swift in Sources */ = {isa = PBXBuildFile; fileRef = 95D3933B213F61E600BF06BF /* ViewController.swift */; };
		95D3933F213F61E600BF06BF /* Main.storyboard in Resources */ = {isa = PBXBuildFile; fileRef = 95D3933D213F61E600BF06BF /* Main.storyboard */; };
		95D39341213F61E700BF06BF /* Assets.xcassets in Resources */ = {isa = PBXBuildFile; fileRef = 95D39340213F61E700BF06BF /* Assets.xcassets */; };
		95D39344213F61E700BF06BF /* LaunchScreen.storyboard in Resources */ = {isa = PBXBuildFile; fileRef = 95D39342213F61E700BF06BF /* LaunchScreen.storyboard */; };
		95D393B9213F6B3A00BF06BF /* dist in Resources */ = {isa = PBXBuildFile; fileRef = 95D393B8213F6B3900BF06BF /* dist */; };
/* End PBXBuildFile section */

/* Begin PBXFileReference section */
		95D39336213F61E600BF06BF /* testPaso.app */ = {isa = PBXFileReference; explicitFileType = wrapper.application; includeInIndex = 0; path = testPaso.app; sourceTree = BUILT_PRODUCTS_DIR; };
		95D39339213F61E600BF06BF /* AppDelegate.swift */ = {isa = PBXFileReference; lastKnownFileType = sourcecode.swift; path = AppDelegate.swift; sourceTree = "<group>"; };
		95D3933B213F61E600BF06BF /* ViewController.swift */ = {isa = PBXFileReference; lastKnownFileType = sourcecode.swift; path = ViewController.swift; sourceTree = "<group>"; };
		95D3933E213F61E600BF06BF /* Base */ = {isa = PBXFileReference; lastKnownFileType = file.storyboard; name = Base; path = Base.lproj/Main.storyboard; sourceTree = "<group>"; };
		95D39340213F61E700BF06BF /* Assets.xcassets */ = {isa = PBXFileReference; lastKnownFileType = folder.assetcatalog; path = Assets.xcassets; sourceTree = "<group>"; };
		95D39343213F61E700BF06BF /* Base */ = {isa = PBXFileReference; lastKnownFileType = file.storyboard; name = Base; path = Base.lproj/LaunchScreen.storyboard; sourceTree = "<group>"; };
		95D39345213F61E700BF06BF /* Info.plist */ = {isa = PBXFileReference; lastKnownFileType = text.plist.xml; path = Info.plist; sourceTree = "<group>"; };
		95D393B8213F6B3900BF06BF /* dist */ = {isa = PBXFileReference; lastKnownFileType = folder; path = dist; sourceTree = SOURCE_ROOT; };
/* End PBXFileReference section */

/* Begin PBXFrameworksBuildPhase section */
		95D39333213F61E600BF06BF /* Frameworks */ = {
			isa = PBXFrameworksBuildPhase;
			buildActionMask = 2147483647;
			files = (
			);
			runOnlyForDeploymentPostprocessing = 0;
		};
/* End PBXFrameworksBuildPhase section */

/* Begin PBXGroup section */
		95D3932D213F61E600BF06BF = {
			isa = PBXGroup;
			children = (
				95D39338213F61E600BF06BF /* testPaso */,
				95D39337213F61E600BF06BF /* Products */,
			);
			sourceTree = "<group>";
		};
		95D39337213F61E600BF06BF /* Products */ = {
			isa = PBXGroup;
			children = (
				95D39336213F61E600BF06BF /* testPaso.app */,
			);
			name = Products;
			sourceTree = "<group>";
		};
		95D39338213F61E600BF06BF /* testPaso */ = {
			isa = PBXGroup;
			children = (
				95D39339213F61E600BF06BF /* AppDelegate.swift */,
				95D3933B213F61E600BF06BF /* ViewController.swift */,
				95D3933D213F61E600BF06BF /* Main.storyboard */,
				95D39340213F61E700BF06BF /* Assets.xcassets */,
				95D39342213F61E700BF06BF /* LaunchScreen.storyboard */,
				95D39345213F61E700BF06BF /* Info.plist */,
				95D393B8213F6B3900BF06BF /* dist */,
			);
			path = testPaso;
			sourceTree = "<group>";
		};
/* End PBXGroup section */

/* Begin PBXNativeTarget section */
		95D39335213F61E600BF06BF /* testPaso */ = {
			isa = PBXNativeTarget;
			buildConfigurationList = 95D39348213F61E800BF06BF /* Build configuration list for PBXNativeTarget "testPaso" */;
			buildPhases = (
				95D39332213F61E600BF06BF /* Sources */,
				95D39333213F61E600BF06BF /* Frameworks */,
				95D39334213F61E600BF06BF /* Resources */,
			);
			buildRules = (
			);
			dependencies = (
			);
			name = testPaso;
			productName = testPaso;
			productReference = 95D39336213F61E600BF06BF /* testPaso.app */;
			productType = "com.apple.product-type.application";
		};
/* End PBXNativeTarget section */

/* Begin PBXProject section */
		95D3932E213F61E600BF06BF /* Project object */ = {
			isa = PBXProject;
			attributes = {
				LastSwiftUpdateCheck = 0940;
				LastUpgradeCheck = 0940;
				ORGANIZATIONNAME = "陈亮陈亮";
				TargetAttributes = {
					95D39335213F61E600BF06BF = {
						CreatedOnToolsVersion = 9.4;
					};
				};
			};
			buildConfigurationList = 95D39331213F61E600BF06BF /* Build configuration list for PBXProject "testPaso" */;
			compatibilityVersion = "Xcode 9.3";
			developmentRegion = en;
			hasScannedForEncodings = 0;
			knownRegions = (
				en,
				Base,
			);
			mainGroup = 95D3932D213F61E600BF06BF;
			productRefGroup = 95D39337213F61E600BF06BF /* Products */;
			projectDirPath = "";
			projectRoot = "";
			targets = (
				95D39335213F61E600BF06BF /* testPaso */,
			);
		};
/* End PBXProject section */

/* Begin PBXResourcesBuildPhase section */
		95D39334213F61E600BF06BF /* Resources */ = {
			isa = PBXResourcesBuildPhase;
			buildActionMask = 2147483647;
			files = (
				95D393B9213F6B3A00BF06BF /* dist in Resources */,
				95D39344213F61E700BF06BF /* LaunchScreen.storyboard in Resources */,
				95D39341213F61E700BF06BF /* Assets.xcassets in Resources */,
				95D3933F213F61E600BF06BF /* Main.storyboard in Resources */,
			);
			runOnlyForDeploymentPostprocessing = 0;
		};
/* End PBXResourcesBuildPhase section */

/* Begin PBXSourcesBuildPhase section */
		95D39332213F61E600BF06BF /* Sources */ = {
			isa = PBXSourcesBuildPhase;
			buildActionMask = 2147483647;
			files = (
				95D3933C213F61E600BF06BF /* ViewController.swift in Sources */,
				95D3933A213F61E600BF06BF /* AppDelegate.swift in Sources */,
			);
			runOnlyForDeploymentPostprocessing = 0;
		};
/* End PBXSourcesBuildPhase section */

/* Begin PBXVariantGroup section */
		95D3933D213F61E600BF06BF /* Main.storyboard */ = {
			isa = PBXVariantGroup;
			children = (
				95D3933E213F61E600BF06BF /* Base */,
			);
			name = Main.storyboard;
			sourceTree = "<group>";
		};
		95D39342213F61E700BF06BF /* LaunchScreen.storyboard */ = {
			isa = PBXVariantGroup;
			children = (
				95D39343213F61E700BF06BF /* Base */,
			);
			name = LaunchScreen.storyboard;
			sourceTree = "<group>";
		};
/* End PBXVariantGroup section */

/* Begin XCBuildConfiguration section */
		95D39346213F61E800BF06BF /* Debug */ = {
			isa = XCBuildConfiguration;
			buildSettings = {
				ALWAYS_SEARCH_USER_PATHS = NO;
				CLANG_ANALYZER_NONNULL = YES;
				CLANG_ANALYZER_NUMBER_OBJECT_CONVERSION = YES_AGGRESSIVE;
				CLANG_CXX_LANGUAGE_STANDARD = "gnu++14";
				CLANG_CXX_LIBRARY = "libc++";
				CLANG_ENABLE_MODULES = YES;
				CLANG_ENABLE_OBJC_ARC = YES;
				CLANG_ENABLE_OBJC_WEAK = YES;
				CLANG_WARN_BLOCK_CAPTURE_AUTORELEASING = YES;
				CLANG_WARN_BOOL_CONVERSION = YES;
				CLANG_WARN_COMMA = YES;
				CLANG_WARN_CONSTANT_CONVERSION = YES;
				CLANG_WARN_DEPRECATED_OBJC_IMPLEMENTATIONS = YES;
				CLANG_WARN_DIRECT_OBJC_ISA_USAGE = YES_ERROR;
				CLANG_WARN_DOCUMENTATION_COMMENTS = YES;
				CLANG_WARN_EMPTY_BODY = YES;
				CLANG_WARN_ENUM_CONVERSION = YES;
				CLANG_WARN_INFINITE_RECURSION = YES;
				CLANG_WARN_INT_CONVERSION = YES;
				CLANG_WARN_NON_LITERAL_NULL_CONVERSION = YES;
				CLANG_WARN_OBJC_IMPLICIT_RETAIN_SELF = YES;
				CLANG_WARN_OBJC_LITERAL_CONVERSION = YES;
				CLANG_WARN_OBJC_ROOT_CLASS = YES_ERROR;
				CLANG_WARN_RANGE_LOOP_ANALYSIS = YES;
				CLANG_WARN_STRICT_PROTOTYPES = YES;
				CLANG_WARN_SUSPICIOUS_MOVE = YES;
				CLANG_WARN_UNGUARDED_AVAILABILITY = YES_AGGRESSIVE;
				CLANG_WARN_UNREACHABLE_CODE = YES;
				CLANG_WARN__DUPLICATE_METHOD_MATCH = YES;
				CODE_SIGN_IDENTITY = "iPhone Developer";
				COPY_PHASE_STRIP = NO;
				DEBUG_INFORMATION_FORMAT = dwarf;
				ENABLE_STRICT_OBJC_MSGSEND = YES;
				ENABLE_TESTABILITY = YES;
				GCC_C_LANGUAGE_STANDARD = gnu11;
				GCC_DYNAMIC_NO_PIC = NO;
				GCC_NO_COMMON_BLOCKS = YES;
				GCC_OPTIMIZATION_LEVEL = 0;
				GCC_PREPROCESSOR_DEFINITIONS = (
					"DEBUG=1",
					"$(inherited)",
				);
				GCC_WARN_64_TO_32_BIT_CONVERSION = YES;
				GCC_WARN_ABOUT_RETURN_TYPE = YES_ERROR;
				GCC_WARN_UNDECLARED_SELECTOR = YES;
				GCC_WARN_UNINITIALIZED_AUTOS = YES_AGGRESSIVE;
				GCC_WARN_UNUSED_FUNCTION = YES;
				GCC_WARN_UNUSED_VARIABLE = YES;
				IPHONEOS_DEPLOYMENT_TARGET = 11.4;
				MTL_ENABLE_DEBUG_INFO = YES;
				ONLY_ACTIVE_ARCH = YES;
				SDKROOT = iphoneos;
				SWIFT_ACTIVE_COMPILATION_CONDITIONS = DEBUG;
				SWIFT_OPTIMIZATION_LEVEL = "-Onone";
			};
			name = Debug;
		};
		95D39347213F61E800BF06BF /* Release */ = {
			isa = XCBuildConfiguration;
			buildSettings = {
				ALWAYS_SEARCH_USER_PATHS = NO;
				CLANG_ANALYZER_NONNULL = YES;
				CLANG_ANALYZER_NUMBER_OBJECT_CONVERSION = YES_AGGRESSIVE;
				CLANG_CXX_LANGUAGE_STANDARD = "gnu++14";
				CLANG_CXX_LIBRARY = "libc++";
				CLANG_ENABLE_MODULES = YES;
				CLANG_ENABLE_OBJC_ARC = YES;
				CLANG_ENABLE_OBJC_WEAK = YES;
				CLANG_WARN_BLOCK_CAPTURE_AUTORELEASING = YES;
				CLANG_WARN_BOOL_CONVERSION = YES;
				CLANG_WARN_COMMA = YES;
				CLANG_WARN_CONSTANT_CONVERSION = YES;
				CLANG_WARN_DEPRECATED_OBJC_IMPLEMENTATIONS = YES;
				CLANG_WARN_DIRECT_OBJC_ISA_USAGE = YES_ERROR;
				CLANG_WARN_DOCUMENTATION_COMMENTS = YES;
				CLANG_WARN_EMPTY_BODY = YES;
				CLANG_WARN_ENUM_CONVERSION = YES;
				CLANG_WARN_INFINITE_RECURSION = YES;
				CLANG_WARN_INT_CONVERSION = YES;
				CLANG_WARN_NON_LITERAL_NULL_CONVERSION = YES;
				CLANG_WARN_OBJC_IMPLICIT_RETAIN_SELF = YES;
				CLANG_WARN_OBJC_LITERAL_CONVERSION = YES;
				CLANG_WARN_OBJC_ROOT_CLASS = YES_ERROR;
				CLANG_WARN_RANGE_LOOP_ANALYSIS = YES;
				CLANG_WARN_STRICT_PROTOTYPES = YES;
				CLANG_WARN_SUSPICIOUS_MOVE = YES;
				CLANG_WARN_UNGUARDED_AVAILABILITY = YES_AGGRESSIVE;
				CLANG_WARN_UNREACHABLE_CODE = YES;
				CLANG_WARN__DUPLICATE_METHOD_MATCH = YES;
				CODE_SIGN_IDENTITY = "iPhone Developer";
				COPY_PHASE_STRIP = NO;
				DEBUG_INFORMATION_FORMAT = "dwarf-with-dsym";
				ENABLE_NS_ASSERTIONS = NO;
				ENABLE_STRICT_OBJC_MSGSEND = YES;
				GCC_C_LANGUAGE_STANDARD = gnu11;
				GCC_NO_COMMON_BLOCKS = YES;
				GCC_WARN_64_TO_32_BIT_CONVERSION = YES;
				GCC_WARN_ABOUT_RETURN_TYPE = YES_ERROR;
				GCC_WARN_UNDECLARED_SELECTOR = YES;
				GCC_WARN_UNINITIALIZED_AUTOS = YES_AGGRESSIVE;
				GCC_WARN_UNUSED_FUNCTION = YES;
				GCC_WARN_UNUSED_VARIABLE = YES;
				IPHONEOS_DEPLOYMENT_TARGET = 11.4;
				MTL_ENABLE_DEBUG_INFO = NO;
				SDKROOT = iphoneos;
				SWIFT_COMPILATION_MODE = wholemodule;
				SWIFT_OPTIMIZATION_LEVEL = "-O";
				VALIDATE_PRODUCT = YES;
			};
			name = Release;
		};
		95D39349213F61E800BF06BF /* Debug */ = {
			isa = XCBuildConfiguration;
			buildSettings = {
				ASSETCATALOG_COMPILER_APPICON_NAME = AppIcon;
				CODE_SIGN_STYLE = Automatic;
				DEVELOPMENT_TEAM = MB49F9C6PJ;
				INFOPLIST_FILE = testPaso/Info.plist;
				LD_RUNPATH_SEARCH_PATHS = (
					"$(inherited)",
					"@executable_path/Frameworks",
				);
				PRODUCT_BUNDLE_IDENTIFIER = hd.testPaso;
				PRODUCT_NAME = "$(TARGET_NAME)";
				SWIFT_VERSION = 4.0;
				TARGETED_DEVICE_FAMILY = "1,2";
			};
			name = Debug;
		};
		95D3934A213F61E800BF06BF /* Release */ = {
			isa = XCBuildConfiguration;
			buildSettings = {
				ASSETCATALOG_COMPILER_APPICON_NAME = AppIcon;
				CODE_SIGN_STYLE = Automatic;
				DEVELOPMENT_TEAM = MB49F9C6PJ;
				INFOPLIST_FILE = testPaso/Info.plist;
				LD_RUNPATH_SEARCH_PATHS = (
					"$(inherited)",
					"@executable_path/Frameworks",
				);
				PRODUCT_BUNDLE_IDENTIFIER = hd.testPaso;
				PRODUCT_NAME = "$(TARGET_NAME)";
				SWIFT_VERSION = 4.0;
				TARGETED_DEVICE_FAMILY = "1,2";
			};
			name = Release;
		};
/* End XCBuildConfiguration section */

/* Begin XCConfigurationList section */
		95D39331213F61E600BF06BF /* Build configuration list for PBXProject "testPaso" */ = {
			isa = XCConfigurationList;
			buildConfigurations = (
				95D39346213F61E800BF06BF /* Debug */,
				95D39347213F61E800BF06BF /* Release */,
			);
			defaultConfigurationIsVisible = 0;
			defaultConfigurationName = Release;
		};
		95D39348213F61E800BF06BF /* Build configuration list for PBXNativeTarget "testPaso" */ = {
			isa = XCConfigurationList;
			buildConfigurations = (
				95D39349213F61E800BF06BF /* Debug */,
				95D3934A213F61E800BF06BF /* Release */,
			);
			defaultConfigurationIsVisible = 0;
			defaultConfigurationName = Release;
		};
/* End XCConfigurationList section */
	};
	rootObject = 95D3932E213F61E600BF06BF /* Project object */;
}
